
Microsoft Visual Studio Solution File, Format Version 12.00
# Visual Studio Version 17
VisualStudioVersion = 17.13.35931.197
MinimumVisualStudioVersion = 10.0.40219.1
Project("{8BC9CEB8-8B4A-11D0-8D11-00A0C91BC942}") = "Week2", "Week2\Week2.vcxproj", "{A2A08F97-A51E-486C-A119-BD19099D8F31}"
EndProject
Project("{8BC9CEB8-8B4A-11D0-8D11-00A0C91BC942}") = "Week3", "Week3\Week3.vcxproj", "{B75CA478-9F8A-497F-9D51-2AAFF35EC268}"
EndProject
Project("{8BC9CEB8-8B4A-11D0-8D11-00A0C91BC942}") = "Week1 (Lesson1)", "Week1 (Leeson1)\Week1 (Leeson1).vcxproj", "{EA22D916-1D43-4D2E-84D2-9F2F090953B4}"
EndProject
Project("{8BC9CEB8-8B4A-11D0-8D11-00A0C91BC942}") = "Week22", "Week22\Week22.vcxproj", "{7014B1A1-5F08-47ED-A6C8-E0B32069AE76}"
EndProject
Project("{8BC9CEB8-8B4A-11D0-8D11-00A0C91BC942}") = "Branching and If Statements", "If Statements\If Statements.vcxproj", "{C7E245F5-65B9-4CCB-8681-C93F7A9E6D3B}"
EndProject
Project("{8BC9CEB8-8B4A-11D0-8D11-00A0C91BC942}") = "Switch Statements, Errors and Debugging", "Switch Statements, Errors and Debugging\Switch Statements, Errors and Debugging.vcxproj", "{D0CA69BC-962F-42EA-89EC-0C6B75AE1789}"
EndProject
Project("{8BC9CEB8-8B4A-11D0-8D11-00A0C91BC942}") = "Scope Explorer", "Scope Explorer\Scope Explorer.vcxproj", "{ED01C7C1-403C-4BB5-A1C3-AB0BEEB3754E}"
EndProject
Project("{8BC9CEB8-8B4A-11D0-8D11-00A0C91BC942}") = "Fix the Broken Project", "Fix the Broken Project\Fix the Broken Project.vcxproj", "{DBC1F8AC-639B-4323-8F52-C30D5317274E}"
EndProject
Global
	GlobalSection(SolutionConfigurationPlatforms) = preSolution
		Debug|x64 = Debug|x64
		Debug|x86 = Debug|x86
		Release|x64 = Release|x64
		Release|x86 = Release|x86
	EndGlobalSection
	GlobalSection(ProjectConfigurationPlatforms) = postSolution
		{A2A08F97-A51E-486C-A119-BD19099D8F31}.Debug|x64.ActiveCfg = Debug|x64
		{A2A08F97-A51E-486C-A119-BD19099D8F31}.Debug|x64.Build.0 = Debug|x64
		{A2A08F97-A51E-486C-A119-BD19099D8F31}.Debug|x86.ActiveCfg = Debug|Win32
		{A2A08F97-A51E-486C-A119-BD19099D8F31}.Debug|x86.Build.0 = Debug|Win32
		{A2A08F97-A51E-486C-A119-BD19099D8F31}.Release|x64.ActiveCfg = Release|x64
		{A2A08F97-A51E-486C-A119-BD19099D8F31}.Release|x64.Build.0 = Release|x64
		{A2A08F97-A51E-486C-A119-BD19099D8F31}.Release|x86.ActiveCfg = Release|Win32
		{A2A08F97-A51E-486C-A119-BD19099D8F31}.Release|x86.Build.0 = Release|Win32
		{B75CA478-9F8A-497F-9D51-2AAFF35EC268}.Debug|x64.ActiveCfg = Debug|x64
		{B75CA478-9F8A-497F-9D51-2AAFF35EC268}.Debug|x64.Build.0 = Debug|x64
		{B75CA478-9F8A-497F-9D51-2AAFF35EC268}.Debug|x86.ActiveCfg = Debug|Win32
		{B75CA478-9F8A-497F-9D51-2AAFF35EC268}.Debug|x86.Build.0 = Debug|Win32
		{B75CA478-9F8A-497F-9D51-2AAFF35EC268}.Release|x64.ActiveCfg = Release|x64
		{B75CA478-9F8A-497F-9D51-2AAFF35EC268}.Release|x64.Build.0 = Release|x64
		{B75CA478-9F8A-497F-9D51-2AAFF35EC268}.Release|x86.ActiveCfg = Release|Win32
		{B75CA478-9F8A-497F-9D51-2AAFF35EC268}.Release|x86.Build.0 = Release|Win32
		{EA22D916-1D43-4D2E-84D2-9F2F090953B4}.Debug|x64.ActiveCfg = Debug|x64
		{EA22D916-1D43-4D2E-84D2-9F2F090953B4}.Debug|x64.Build.0 = Debug|x64
		{EA22D916-1D43-4D2E-84D2-9F2F090953B4}.Debug|x86.ActiveCfg = Debug|Win32
		{EA22D916-1D43-4D2E-84D2-9F2F090953B4}.Debug|x86.Build.0 = Debug|Win32
		{EA22D916-1D43-4D2E-84D2-9F2F090953B4}.Release|x64.ActiveCfg = Release|x64
		{EA22D916-1D43-4D2E-84D2-9F2F090953B4}.Release|x64.Build.0 = Release|x64
		{EA22D916-1D43-4D2E-84D2-9F2F090953B4}.Release|x86.ActiveCfg = Release|Win32
		{EA22D916-1D43-4D2E-84D2-9F2F090953B4}.Release|x86.Build.0 = Release|Win32
		{7014B1A1-5F08-47ED-A6C8-E0B32069AE76}.Debug|x64.ActiveCfg = Debug|x64
		{7014B1A1-5F08-47ED-A6C8-E0B32069AE76}.Debug|x64.Build.0 = Debug|x64
		{7014B1A1-5F08-47ED-A6C8-E0B32069AE76}.Debug|x86.ActiveCfg = Debug|Win32
		{7014B1A1-5F08-47ED-A6C8-E0B32069AE76}.Debug|x86.Build.0 = Debug|Win32
		{7014B1A1-5F08-47ED-A6C8-E0B32069AE76}.Release|x64.ActiveCfg = Release|x64
		{7014B1A1-5F08-47ED-A6C8-E0B32069AE76}.Release|x64.Build.0 = Release|x64
		{7014B1A1-5F08-47ED-A6C8-E0B32069AE76}.Release|x86.ActiveCfg = Release|Win32
		{7014B1A1-5F08-47ED-A6C8-E0B32069AE76}.Release|x86.Build.0 = Release|Win32
		{C7E245F5-65B9-4CCB-8681-C93F7A9E6D3B}.Debug|x64.ActiveCfg = Debug|x64
		{C7E245F5-65B9-4CCB-8681-C93F7A9E6D3B}.Debug|x64.Build.0 = Debug|x64
		{C7E245F5-65B9-4CCB-8681-C93F7A9E6D3B}.Debug|x86.ActiveCfg = Debug|Win32
		{C7E245F5-65B9-4CCB-8681-C93F7A9E6D3B}.Debug|x86.Build.0 = Debug|Win32
		{C7E245F5-65B9-4CCB-8681-C93F7A9E6D3B}.Release|x64.ActiveCfg = Release|x64
		{C7E245F5-65B9-4CCB-8681-C93F7A9E6D3B}.Release|x64.Build.0 = Release|x64
		{C7E245F5-65B9-4CCB-8681-C93F7A9E6D3B}.Release|x86.ActiveCfg = Release|Win32
		{C7E245F5-65B9-4CCB-8681-C93F7A9E6D3B}.Release|x86.Build.0 = Release|Win32
		{D0CA69BC-962F-42EA-89EC-0C6B75AE1789}.Debug|x64.ActiveCfg = Debug|x64
		{D0CA69BC-962F-42EA-89EC-0C6B75AE1789}.Debug|x64.Build.0 = Debug|x64
		{D0CA69BC-962F-42EA-89EC-0C6B75AE1789}.Debug|x86.ActiveCfg = Debug|Win32
		{D0CA69BC-962F-42EA-89EC-0C6B75AE1789}.Debug|x86.Build.0 = Debug|Win32
		{D0CA69BC-962F-42EA-89EC-0C6B75AE1789}.Release|x64.ActiveCfg = Release|x64
		{D0CA69BC-962F-42EA-89EC-0C6B75AE1789}.Release|x64.Build.0 = Release|x64
		{D0CA69BC-962F-42EA-89EC-0C6B75AE1789}.Release|x86.ActiveCfg = Release|Win32
		{D0CA69BC-962F-42EA-89EC-0C6B75AE1789}.Release|x86.Build.0 = Release|Win32
		{ED01C7C1-403C-4BB5-A1C3-AB0BEEB3754E}.Debug|x64.ActiveCfg = Debug|x64
		{ED01C7C1-403C-4BB5-A1C3-AB0BEEB3754E}.Debug|x64.Build.0 = Debug|x64
		{ED01C7C1-403C-4BB5-A1C3-AB0BEEB3754E}.Debug|x86.ActiveCfg = Debug|Win32
		{ED01C7C1-403C-4BB5-A1C3-AB0BEEB3754E}.Debug|x86.Build.0 = Debug|Win32
		{ED01C7C1-403C-4BB5-A1C3-AB0BEEB3754E}.Release|x64.ActiveCfg = Release|x64
		{ED01C7C1-403C-4BB5-A1C3-AB0BEEB3754E}.Release|x64.Build.0 = Release|x64
		{ED01C7C1-403C-4BB5-A1C3-AB0BEEB3754E}.Release|x86.ActiveCfg = Release|Win32
		{ED01C7C1-403C-4BB5-A1C3-AB0BEEB3754E}.Release|x86.Build.0 = Release|Win32
		{DBC1F8AC-639B-4323-8F52-C30D5317274E}.Debug|x64.ActiveCfg = Debug|x64
		{DBC1F8AC-639B-4323-8F52-C30D5317274E}.Debug|x64.Build.0 = Debug|x64
		{DBC1F8AC-639B-4323-8F52-C30D5317274E}.Debug|x86.ActiveCfg = Debug|Win32
		{DBC1F8AC-639B-4323-8F52-C30D5317274E}.Debug|x86.Build.0 = Debug|Win32
		{DBC1F8AC-639B-4323-8F52-C30D5317274E}.Release|x64.ActiveCfg = Release|x64
		{DBC1F8AC-639B-4323-8F52-C30D5317274E}.Release|x64.Build.0 = Release|x64
		{DBC1F8AC-639B-4323-8F52-C30D5317274E}.Release|x86.ActiveCfg = Release|Win32
		{DBC1F8AC-639B-4323-8F52-C30D5317274E}.Release|x86.Build.0 = Release|Win32
	EndGlobalSection
	GlobalSection(SolutionProperties) = preSolution
		HideSolutionNode = FALSE
	EndGlobalSection
	GlobalSection(ExtensibilityGlobals) = postSolution
		SolutionGuid = {873C19D1-9931-4214-A94F-DB8B44ACA2E5}
	EndGlobalSection
EndGlobal
